
Microsoft Visual Studio Solution File, Format Version 12.00
# Visual Studio 15
VisualStudioVersion = 15.0.28010.2016
MinimumVisualStudioVersion = 10.0.40219.1
Project("{9A19103F-16F7-4668-BE54-9A1E7A4F7556}") = "Cashier.API", "Cashier.API.csproj", "{DD246AE5-EEE9-4661-84E5-4EE53E51D23F}"
EndProject
Global
	GlobalSection(SolutionConfigurationPlatforms) = preSolution
		Debug|Any CPU = Debug|Any CPU
		Release|Any CPU = Release|Any CPU
	EndGlobalSection
	GlobalSection(ProjectConfigurationPlatforms) = postSolution
		{DD246AE5-EEE9-4661-84E5-4EE53E51D23F}.Debug|Any CPU.ActiveCfg = Debug|Any CPU
		{DD246AE5-EEE9-4661-84E5-4EE53E51D23F}.Debug|Any CPU.Build.0 = Debug|Any CPU
		{DD246AE5-EEE9-4661-84E5-4EE53E51D23F}.Release|Any CPU.ActiveCfg = Release|Any CPU
		{DD246AE5-EEE9-4661-84E5-4EE53E51D23F}.Release|Any CPU.Build.0 = Release|Any CPU
	EndGlobalSection
	GlobalSection(SolutionProperties) = preSolution
		HideSolutionNode = FALSE
	EndGlobalSection
	GlobalSection(ExtensibilityGlobals) = postSolution
		SolutionGuid = {0C58D320-5C2C-4525-A723-FA4EB820D963}
	EndGlobalSection
EndGlobal
